
Microsoft Visual Studio Solution File, Format Version 12.00
Project("{FAE04EC0-301F-11D3-BF4B-00C04F79EFBC}") = "Lesson", "Lesson\Lesson.csproj", "{8CE322C5-F642-4C80-A42F-FF54C0A58434}"
EndProject
Global
	GlobalSection(SolutionConfigurationPlatforms) = preSolution
		Debug|Any CPU = Debug|Any CPU
		Release|Any CPU = Release|Any CPU
	EndGlobalSection
	GlobalSection(ProjectConfigurationPlatforms) = postSolution
		{8CE322C5-F642-4C80-A42F-FF54C0A58434}.Debug|Any CPU.ActiveCfg = Debug|Any CPU
		{8CE322C5-F642-4C80-A42F-FF54C0A58434}.Debug|Any CPU.Build.0 = Debug|Any CPU
		{8CE322C5-F642-4C80-A42F-FF54C0A58434}.Release|Any CPU.ActiveCfg = Release|Any CPU
		{8CE322C5-F642-4C80-A42F-FF54C0A58434}.Release|Any CPU.Build.0 = Release|Any CPU
	EndGlobalSection
EndGlobal
